
Microsoft Visual Studio Solution File, Format Version 12.00
# Visual Studio Version 16
VisualStudioVersion = 16.0.31424.327
MinimumVisualStudioVersion = 10.0.40219.1
Project("{FAE04EC0-301F-11D3-BF4B-00C04F79EFBC}") = "TinyGameExam", "TinyGameExam\TinyGameExam.csproj", "{1F7737DD-EB3A-48FF-8763-6E04CD6AC3F0}"
EndProject
Global
	GlobalSection(SolutionConfigurationPlatforms) = preSolution
		Debug|Any CPU = Debug|Any CPU
		Release|Any CPU = Release|Any CPU
	EndGlobalSection
	GlobalSection(ProjectConfigurationPlatforms) = postSolution
		{1F7737DD-EB3A-48FF-8763-6E04CD6AC3F0}.Debug|Any CPU.ActiveCfg = Debug|Any CPU
		{1F7737DD-EB3A-48FF-8763-6E04CD6AC3F0}.Debug|Any CPU.Build.0 = Debug|Any CPU
		{1F7737DD-EB3A-48FF-8763-6E04CD6AC3F0}.Release|Any CPU.ActiveCfg = Release|Any CPU
		{1F7737DD-EB3A-48FF-8763-6E04CD6AC3F0}.Release|Any CPU.Build.0 = Release|Any CPU
	EndGlobalSection
	GlobalSection(SolutionProperties) = preSolution
		HideSolutionNode = FALSE
	EndGlobalSection
	GlobalSection(ExtensibilityGlobals) = postSolution
		SolutionGuid = {6339BA3B-971B-495D-AAB5-7BFD3C974B98}
	EndGlobalSection
EndGlobal
